
Microsoft Visual Studio Solution File, Format Version 12.00
# Visual Studio Version 18
VisualStudioVersion = 18.10.12201.205 stable
MinimumVisualStudioVersion = 10.0.40219.1
Project("{FAE04EC0-301F-11D3-BF4B-00C04F79EFBC}") = "MSUAgent.Domain", "MSUAgent.Domain\MSUAgent.Domain.csproj", "{E770692B-C9A2-4499-9C85-1C2B0D0A195A}"
EndProject
Project("{FAE04EC0-301F-11D3-BF4B-00C04F79EFBC}") = "MSUAgent.Application", "MSUAgent.Application\MSUAgent.Application.csproj", "{2C808AD5-9949-4506-B935-CE7218904CC4}"
EndProject
Project("{FAE04EC0-301F-11D3-BF4B-00C04F79EFBC}") = "MSUAgent.Infrastructure", "MSUAgent.Infrastructure\MSUAgent.Infrastructure.csproj", "{1BED9595-D488-4CFC-99BE-01C46D440BB0}"
EndProject
Project("{FAE04EC0-301F-11D3-BF4B-00C04F79EFBC}") = "MSUAgent.Api", "MSUAgent.Api\MSUAgent.Api.csproj", "{81A3E66E-A0F7-47D8-9132-59BDC9692911}"
EndProject
Project("{2150E333-8FDC-42A3-9474-1A3956D46DE8}") = "Solution Items", "Solution Items", "{8EC462FD-D22E-90A8-E5CE-7E832BA40C5D}"
	ProjectSection(SolutionItems) = preProject
		Directory.Packages.props = Directory.Packages.props
	EndProjectSection
EndProject
Project("{FAE04EC0-301F-11D3-BF4B-00C04F79EFBC}") = "MSUAgent.Hosting.Aspire", "MSUAgent.Hosting.Aspire\MSUAgent.Hosting.Aspire.csproj", "{E1DD28D5-7C89-41F0-9EA1-340248765C4E}"
EndProject
Project("{FAE04EC0-301F-11D3-BF4B-00C04F79EFBC}") = "MSUAgent.MigrationService", "MSUAgent.MigrationService\MSUAgent.MigrationService.csproj", "{1C003C49-080E-4812-B9C2-682E3CB40A1F}"
EndProject
Global
	GlobalSection(SolutionConfigurationPlatforms) = preSolution
		Debug|Any CPU = Debug|Any CPU
		Release|Any CPU = Release|Any CPU
	EndGlobalSection
	GlobalSection(ProjectConfigurationPlatforms) = postSolution
		{E770692B-C9A2-4499-9C85-1C2B0D0A195A}.Debug|Any CPU.ActiveCfg = Debug|Any CPU
		{E770692B-C9A2-4499-9C85-1C2B0D0A195A}.Debug|Any CPU.Build.0 = Debug|Any CPU
		{E770692B-C9A2-4499-9C85-1C2B0D0A195A}.Release|Any CPU.ActiveCfg = Release|Any CPU
		{E770692B-C9A2-4499-9C85-1C2B0D0A195A}.Release|Any CPU.Build.0 = Release|Any CPU
		{2C808AD5-9949-4506-B935-CE7218904CC4}.Debug|Any CPU.ActiveCfg = Debug|Any CPU
		{2C808AD5-9949-4506-B935-CE7218904CC4}.Debug|Any CPU.Build.0 = Debug|Any CPU
		{2C808AD5-9949-4506-B935-CE7218904CC4}.Release|Any CPU.ActiveCfg = Release|Any CPU
		{2C808AD5-9949-4506-B935-CE7218904CC4}.Release|Any CPU.Build.0 = Release|Any CPU
		{1BED9595-D488-4CFC-99BE-01C46D440BB0}.Debug|Any CPU.ActiveCfg = Debug|Any CPU
		{1BED9595-D488-4CFC-99BE-01C46D440BB0}.Debug|Any CPU.Build.0 = Debug|Any CPU
		{1BED9595-D488-4CFC-99BE-01C46D440BB0}.Release|Any CPU.ActiveCfg = Release|Any CPU
		{1BED9595-D488-4CFC-99BE-01C46D440BB0}.Release|Any CPU.Build.0 = Release|Any CPU
		{81A3E66E-A0F7-47D8-9132-59BDC9692911}.Debug|Any CPU.ActiveCfg = Debug|Any CPU
		{81A3E66E-A0F7-47D8-9132-59BDC9692911}.Debug|Any CPU.Build.0 = Debug|Any CPU
		{81A3E66E-A0F7-47D8-9132-59BDC9692911}.Release|Any CPU.ActiveCfg = Release|Any CPU
		{81A3E66E-A0F7-47D8-9132-59BDC9692911}.Release|Any CPU.Build.0 = Release|Any CPU
		{E1DD28D5-7C89-41F0-9EA1-340248765C4E}.Debug|Any CPU.ActiveCfg = Debug|Any CPU
		{E1DD28D5-7C89-41F0-9EA1-340248765C4E}.Debug|Any CPU.Build.0 = Debug|Any CPU
		{E1DD28D5-7C89-41F0-9EA1-340248765C4E}.Release|Any CPU.ActiveCfg = Release|Any CPU
		{E1DD28D5-7C89-41F0-9EA1-340248765C4E}.Release|Any CPU.Build.0 = Release|Any CPU
		{1C003C49-080E-4812-B9C2-682E3CB40A1F}.Debug|Any CPU.ActiveCfg = Debug|Any CPU
		{1C003C49-080E-4812-B9C2-682E3CB40A1F}.Debug|Any CPU.Build.0 = Debug|Any CPU
		{1C003C49-080E-4812-B9C2-682E3CB40A1F}.Release|Any CPU.ActiveCfg = Release|Any CPU
		{1C003C49-080E-4812-B9C2-682E3CB40A1F}.Release|Any CPU.Build.0 = Release|Any CPU
	EndGlobalSection
	GlobalSection(SolutionProperties) = preSolution
		HideSolutionNode = FALSE
	EndGlobalSection
	GlobalSection(ExtensibilityGlobals) = postSolution
		SolutionGuid = {281720CF-DA3A-4B67-8EB0-F1C22508748A}
	EndGlobalSection
EndGlobal
